
Microsoft Visual Studio Solution File, Format Version 12.00
# Visual Studio 2012
Project("{FAE04EC0-301F-11D3-BF4B-00C04F79EFBC}") = "OpenAPIUnitTest.Web", "OpenAPIUnitTest\OpenAPIUnitTest.Web.csproj", "{1A22C990-DB5F-438B-984B-452D9F461699}"
EndProject
Project("{FAE04EC0-301F-11D3-BF4B-00C04F79EFBC}") = "OpenAPIUnitTest.Core", "OpenAPIUnitTest.Core\OpenAPIUnitTest.Core.csproj", "{A7FCF46A-A1DA-457C-9F58-203A9DB058E6}"
EndProject
Project("{FAE04EC0-301F-11D3-BF4B-00C04F79EFBC}") = "OpenAPIUnitTest.Model", "OpenAPIUnitTest.Model\OpenAPIUnitTest.Model.csproj", "{823474CD-A4CF-45B1-8DE6-64AB6D1918EE}"
EndProject
Project("{FAE04EC0-301F-11D3-BF4B-00C04F79EFBC}") = "CommonLib", "OpenAPI.CommonLib\CommonLib.csproj", "{04362DCF-389A-4287-BB39-3333B93F77FF}"
EndProject
Global
	GlobalSection(SolutionConfigurationPlatforms) = preSolution
		Debug|Any CPU = Debug|Any CPU
		Release|Any CPU = Release|Any CPU
	EndGlobalSection
	GlobalSection(ProjectConfigurationPlatforms) = postSolution
		{1A22C990-DB5F-438B-984B-452D9F461699}.Debug|Any CPU.ActiveCfg = Debug|Any CPU
		{1A22C990-DB5F-438B-984B-452D9F461699}.Debug|Any CPU.Build.0 = Debug|Any CPU
		{1A22C990-DB5F-438B-984B-452D9F461699}.Release|Any CPU.ActiveCfg = Release|Any CPU
		{1A22C990-DB5F-438B-984B-452D9F461699}.Release|Any CPU.Build.0 = Release|Any CPU
		{A7FCF46A-A1DA-457C-9F58-203A9DB058E6}.Debug|Any CPU.ActiveCfg = Debug|Any CPU
		{A7FCF46A-A1DA-457C-9F58-203A9DB058E6}.Debug|Any CPU.Build.0 = Debug|Any CPU
		{A7FCF46A-A1DA-457C-9F58-203A9DB058E6}.Release|Any CPU.ActiveCfg = Release|Any CPU
		{A7FCF46A-A1DA-457C-9F58-203A9DB058E6}.Release|Any CPU.Build.0 = Release|Any CPU
		{823474CD-A4CF-45B1-8DE6-64AB6D1918EE}.Debug|Any CPU.ActiveCfg = Debug|Any CPU
		{823474CD-A4CF-45B1-8DE6-64AB6D1918EE}.Debug|Any CPU.Build.0 = Debug|Any CPU
		{823474CD-A4CF-45B1-8DE6-64AB6D1918EE}.Release|Any CPU.ActiveCfg = Release|Any CPU
		{823474CD-A4CF-45B1-8DE6-64AB6D1918EE}.Release|Any CPU.Build.0 = Release|Any CPU
		{04362DCF-389A-4287-BB39-3333B93F77FF}.Debug|Any CPU.ActiveCfg = Debug|Any CPU
		{04362DCF-389A-4287-BB39-3333B93F77FF}.Debug|Any CPU.Build.0 = Debug|Any CPU
		{04362DCF-389A-4287-BB39-3333B93F77FF}.Release|Any CPU.ActiveCfg = Release|Any CPU
		{04362DCF-389A-4287-BB39-3333B93F77FF}.Release|Any CPU.Build.0 = Release|Any CPU
	EndGlobalSection
	GlobalSection(SolutionProperties) = preSolution
		HideSolutionNode = FALSE
	EndGlobalSection
EndGlobal
